
Microsoft Visual Studio Solution File, Format Version 12.00
# Visual Studio Version 16
VisualStudioVersion = 16.0.30804.86
MinimumVisualStudioVersion = 10.0.40219.1
Project("{FAE04EC0-301F-11D3-BF4B-00C04F79EFBC}") = "CheckIn", "ConsoleApp1\CheckIn.csproj", "{03C86C61-D78F-4A77-A6C5-295FC3CDF7CF}"
EndProject
Global
	GlobalSection(SolutionConfigurationPlatforms) = preSolution
		Debug|Any CPU = Debug|Any CPU
		Release|Any CPU = Release|Any CPU
	EndGlobalSection
	GlobalSection(ProjectConfigurationPlatforms) = postSolution
		{03C86C61-D78F-4A77-A6C5-295FC3CDF7CF}.Debug|Any CPU.ActiveCfg = Debug|Any CPU
		{03C86C61-D78F-4A77-A6C5-295FC3CDF7CF}.Debug|Any CPU.Build.0 = Debug|Any CPU
		{03C86C61-D78F-4A77-A6C5-295FC3CDF7CF}.Release|Any CPU.ActiveCfg = Release|Any CPU
		{03C86C61-D78F-4A77-A6C5-295FC3CDF7CF}.Release|Any CPU.Build.0 = Release|Any CPU
	EndGlobalSection
	GlobalSection(SolutionProperties) = preSolution
		HideSolutionNode = FALSE
	EndGlobalSection
	GlobalSection(ExtensibilityGlobals) = postSolution
		SolutionGuid = {13F90DF4-3315-4F04-BD7D-55C852405DD7}
	EndGlobalSection
EndGlobal
